
Microsoft Visual Studio Solution File, Format Version 12.00
# Visual Studio 15
VisualStudioVersion = 15.0.27130.2010
MinimumVisualStudioVersion = 10.0.40219.1
Project("{8BC9CEB8-8B4A-11D0-8D11-00A0C91BC942}") = "PacketMakerCopy", "PacketMakerCopy\PacketMakerCopy.vcxproj", "{B7ECDDFD-4D40-4302-9B90-59932B323555}"
EndProject
Project("{8BC9CEB8-8B4A-11D0-8D11-00A0C91BC942}") = "OuterNetPacketMakerTask", "OuterNetPacketMakerTask\OutNetPacketMakerTask.vcxproj", "{DF80BBA8-8D77-451D-8EB9-345F97DF8CC4}"
EndProject
Project("{8BC9CEB8-8B4A-11D0-8D11-00A0C91BC942}") = "OuterNetPacketMaker", "OuterNetPacketMaker\OuterNetPacketMaker.vcxproj", "{B12702AD-ABFB-343A-A199-8E24837244A3}"
	ProjectSection(ProjectDependencies) = postProject
		{DF80BBA8-8D77-451D-8EB9-345F97DF8CC4} = {DF80BBA8-8D77-451D-8EB9-345F97DF8CC4}
		{B7ECDDFD-4D40-4302-9B90-59932B323555} = {B7ECDDFD-4D40-4302-9B90-59932B323555}
	EndProjectSection
EndProject
Project("{8BC9CEB8-8B4A-11D0-8D11-00A0C91BC942}") = "PacketMakerCMD", "PacketMakerCMD\PacketMakerCMD.vcxproj", "{AC0E558A-D06C-4248-85C1-DE72FDC2DEF7}"
	ProjectSection(ProjectDependencies) = postProject
		{DF80BBA8-8D77-451D-8EB9-345F97DF8CC4} = {DF80BBA8-8D77-451D-8EB9-345F97DF8CC4}
		{B7ECDDFD-4D40-4302-9B90-59932B323555} = {B7ECDDFD-4D40-4302-9B90-59932B323555}
	EndProjectSection
EndProject
Global
	GlobalSection(SolutionConfigurationPlatforms) = preSolution
		Debug|Win32 = Debug|Win32
		Debug|x64 = Debug|x64
		Debug|x86 = Debug|x86
		Release|Win32 = Release|Win32
		Release|x64 = Release|x64
		Release|x86 = Release|x86
	EndGlobalSection
	GlobalSection(ProjectConfigurationPlatforms) = postSolution
		{B7ECDDFD-4D40-4302-9B90-59932B323555}.Debug|Win32.ActiveCfg = Debug|Win32
		{B7ECDDFD-4D40-4302-9B90-59932B323555}.Debug|Win32.Build.0 = Debug|Win32
		{B7ECDDFD-4D40-4302-9B90-59932B323555}.Debug|x64.ActiveCfg = Debug|x64
		{B7ECDDFD-4D40-4302-9B90-59932B323555}.Debug|x64.Build.0 = Debug|x64
		{B7ECDDFD-4D40-4302-9B90-59932B323555}.Debug|x86.ActiveCfg = Debug|Win32
		{B7ECDDFD-4D40-4302-9B90-59932B323555}.Debug|x86.Build.0 = Debug|Win32
		{B7ECDDFD-4D40-4302-9B90-59932B323555}.Release|Win32.ActiveCfg = Release|Win32
		{B7ECDDFD-4D40-4302-9B90-59932B323555}.Release|Win32.Build.0 = Release|Win32
		{B7ECDDFD-4D40-4302-9B90-59932B323555}.Release|x64.ActiveCfg = Release|x64
		{B7ECDDFD-4D40-4302-9B90-59932B323555}.Release|x64.Build.0 = Release|x64
		{B7ECDDFD-4D40-4302-9B90-59932B323555}.Release|x86.ActiveCfg = Release|Win32
		{B7ECDDFD-4D40-4302-9B90-59932B323555}.Release|x86.Build.0 = Release|Win32
		{DF80BBA8-8D77-451D-8EB9-345F97DF8CC4}.Debug|Win32.ActiveCfg = Debug|Win32
		{DF80BBA8-8D77-451D-8EB9-345F97DF8CC4}.Debug|Win32.Build.0 = Debug|Win32
		{DF80BBA8-8D77-451D-8EB9-345F97DF8CC4}.Debug|x64.ActiveCfg = Debug|Win32
		{DF80BBA8-8D77-451D-8EB9-345F97DF8CC4}.Debug|x86.ActiveCfg = Debug|Win32
		{DF80BBA8-8D77-451D-8EB9-345F97DF8CC4}.Debug|x86.Build.0 = Debug|Win32
		{DF80BBA8-8D77-451D-8EB9-345F97DF8CC4}.Release|Win32.ActiveCfg = Release|Win32
		{DF80BBA8-8D77-451D-8EB9-345F97DF8CC4}.Release|Win32.Build.0 = Release|Win32
		{DF80BBA8-8D77-451D-8EB9-345F97DF8CC4}.Release|x64.ActiveCfg = Release|Win32
		{DF80BBA8-8D77-451D-8EB9-345F97DF8CC4}.Release|x86.ActiveCfg = Release|Win32
		{DF80BBA8-8D77-451D-8EB9-345F97DF8CC4}.Release|x86.Build.0 = Release|Win32
		{B12702AD-ABFB-343A-A199-8E24837244A3}.Debug|Win32.ActiveCfg = Debug|Win32
		{B12702AD-ABFB-343A-A199-8E24837244A3}.Debug|Win32.Build.0 = Debug|Win32
		{B12702AD-ABFB-343A-A199-8E24837244A3}.Debug|x64.ActiveCfg = Debug|x64
		{B12702AD-ABFB-343A-A199-8E24837244A3}.Debug|x64.Build.0 = Debug|x64
		{B12702AD-ABFB-343A-A199-8E24837244A3}.Debug|x64.Deploy.0 = Debug|x64
		{B12702AD-ABFB-343A-A199-8E24837244A3}.Debug|x86.ActiveCfg = Debug|Win32
		{B12702AD-ABFB-343A-A199-8E24837244A3}.Debug|x86.Build.0 = Debug|Win32
		{B12702AD-ABFB-343A-A199-8E24837244A3}.Debug|x86.Deploy.0 = Debug|Win32
		{B12702AD-ABFB-343A-A199-8E24837244A3}.Release|Win32.ActiveCfg = Release|Win32
		{B12702AD-ABFB-343A-A199-8E24837244A3}.Release|Win32.Build.0 = Release|Win32
		{B12702AD-ABFB-343A-A199-8E24837244A3}.Release|x64.ActiveCfg = Release|x64
		{B12702AD-ABFB-343A-A199-8E24837244A3}.Release|x64.Build.0 = Release|x64
		{B12702AD-ABFB-343A-A199-8E24837244A3}.Release|x64.Deploy.0 = Release|x64
		{B12702AD-ABFB-343A-A199-8E24837244A3}.Release|x86.ActiveCfg = Release|Win32
		{B12702AD-ABFB-343A-A199-8E24837244A3}.Release|x86.Build.0 = Release|Win32
		{B12702AD-ABFB-343A-A199-8E24837244A3}.Release|x86.Deploy.0 = Release|Win32
		{AC0E558A-D06C-4248-85C1-DE72FDC2DEF7}.Debug|Win32.ActiveCfg = Debug|Win32
		{AC0E558A-D06C-4248-85C1-DE72FDC2DEF7}.Debug|Win32.Build.0 = Debug|Win32
		{AC0E558A-D06C-4248-85C1-DE72FDC2DEF7}.Debug|x64.ActiveCfg = Debug|x64
		{AC0E558A-D06C-4248-85C1-DE72FDC2DEF7}.Debug|x64.Build.0 = Debug|x64
		{AC0E558A-D06C-4248-85C1-DE72FDC2DEF7}.Debug|x86.ActiveCfg = Debug|x64
		{AC0E558A-D06C-4248-85C1-DE72FDC2DEF7}.Release|Win32.ActiveCfg = Release|Win32
		{AC0E558A-D06C-4248-85C1-DE72FDC2DEF7}.Release|Win32.Build.0 = Release|Win32
		{AC0E558A-D06C-4248-85C1-DE72FDC2DEF7}.Release|x64.ActiveCfg = Release|x64
		{AC0E558A-D06C-4248-85C1-DE72FDC2DEF7}.Release|x64.Build.0 = Release|x64
		{AC0E558A-D06C-4248-85C1-DE72FDC2DEF7}.Release|x86.ActiveCfg = Release|Win32
		{AC0E558A-D06C-4248-85C1-DE72FDC2DEF7}.Release|x86.Build.0 = Release|Win32
	EndGlobalSection
	GlobalSection(SolutionProperties) = preSolution
		HideSolutionNode = FALSE
	EndGlobalSection
	GlobalSection(ExtensibilityGlobals) = postSolution
		Qt5Version = QT5.5
		SolutionGuid = {60342258-870C-4F39-AE4D-29B1D9A88CB8}
	EndGlobalSection
EndGlobal
