<?xml version="1.0" encoding="utf-8"?>
<Project ToolsVersion="4.0" xmlns="http://schemas.microsoft.com/developer/msbuild/2003">
  <ItemGroup>
    <Filter Include="Source Files">
      <UniqueIdentifier>{4FC737F1-C7A5-4376-A066-2A32D752A2FF}</UniqueIdentifier>
      <Extensions>cpp;c;cc;cxx;def;odl;idl;hpj;bat;asm;asmx</Extensions>
    </Filter>
    <Filter Include="Header Files">
      <UniqueIdentifier>{93995380-89BD-4b04-88EB-625FBE52EBFB}</UniqueIdentifier>
      <Extensions>h;hh;hpp;hxx;hm;inl;inc;xsd</Extensions>
    </Filter>
    <Filter Include="Resource Files">
      <UniqueIdentifier>{D9D6E242-F8AF-46E4-B9FD-80ECBC20BA3E}</UniqueIdentifier>
      <Extensions>qrc;*</Extensions>
      <ParseFiles>false</ParseFiles>
    </Filter>
    <Filter Include="Resource Files">
      <UniqueIdentifier>{D9D6E242-F8AF-46E4-B9FD-80ECBC20BA3E}</UniqueIdentifier>
      <Extensions>qrc;*</Extensions>
      <ParseFiles>false</ParseFiles>
    </Filter>
    <Filter Include="Generated Files">
      <UniqueIdentifier>{71ED8ED8-ACB9-4CE9-BBE1-E00B30144E11}</UniqueIdentifier>
      <Extensions>moc;h;cpp</Extensions>
      <SourceControlFiles>False</SourceControlFiles>
    </Filter>
    <Filter Include="Header Files\Common">
      <UniqueIdentifier>{f06f8ad5-c452-43ba-b1b7-94422e6b00b4}</UniqueIdentifier>
    </Filter>
    <Filter Include="Source Files\Common">
      <UniqueIdentifier>{50b0e81a-581b-406d-ad94-631f79507794}</UniqueIdentifier>
    </Filter>
  </ItemGroup>
  <ItemGroup>
    <ClInclude Include="outnetpacketmakertask_global.h">
      <Filter>Header Files</Filter>
    </ClInclude>
    <ClInclude Include="CheckInstallPackageTask.h">
      <Filter>Header Files</Filter>
    </ClInclude>
    <ClInclude Include="RegionRulesTask.h">
      <Filter>Header Files</Filter>
    </ClInclude>
    <ClInclude Include="7zUnzip.h">
      <Filter>Header Files</Filter>
    </ClInclude>
    <ClInclude Include="..\common\PacketMakerCommon.h">
      <Filter>Header Files\Common</Filter>
    </ClInclude>
  </ItemGroup>
  <ItemGroup>
    <ClCompile Include="CheckInstallPackageTask.cpp">
      <Filter>Source Files</Filter>
    </ClCompile>
    <ClCompile Include="RegionRulesTask.cpp">
      <Filter>Source Files</Filter>
    </ClCompile>
    <ClCompile Include="7zUnzip.cpp">
      <Filter>Source Files</Filter>
    </ClCompile>
    <ClCompile Include="OuterNetPakcetMakerTask.cpp">
      <Filter>Source Files</Filter>
    </ClCompile>
    <ClCompile Include="..\common\PacketMakerCommon.cpp">
      <Filter>Source Files\Common</Filter>
    </ClCompile>
    <ClCompile Include="GeneratedFiles\Debug\moc_OuterNetPakcetMakerTask.cpp">
      <Filter>Generated Files</Filter>
    </ClCompile>
    <ClCompile Include="GeneratedFiles\Release\moc_OuterNetPakcetMakerTask.cpp">
      <Filter>Generated Files</Filter>
    </ClCompile>
  </ItemGroup>
  <ItemGroup>
    <CustomBuild Include="OuterNetPakcetMakerTask.h">
      <Filter>Header Files</Filter>
    </CustomBuild>
  </ItemGroup>
</Project>